
Microsoft Visual Studio Solution File, Format Version 12.00
# Visual Studio 15
VisualStudioVersion = 15.0.27703.2018
MinimumVisualStudioVersion = 10.0.40219.1
Project("{FAE04EC0-301F-11D3-BF4B-00C04F79EFBC}") = "Memberships", "Memberships\Memberships.csproj", "{6CBF60B5-0264-4763-8B40-E7ADD4EB565D}"
EndProject
Global
	GlobalSection(SolutionConfigurationPlatforms) = preSolution
		Debug|Any CPU = Debug|Any CPU
		Release|Any CPU = Release|Any CPU
	EndGlobalSection
	GlobalSection(ProjectConfigurationPlatforms) = postSolution
		{6CBF60B5-0264-4763-8B40-E7ADD4EB565D}.Debug|Any CPU.ActiveCfg = Debug|Any CPU
		{6CBF60B5-0264-4763-8B40-E7ADD4EB565D}.Debug|Any CPU.Build.0 = Debug|Any CPU
		{6CBF60B5-0264-4763-8B40-E7ADD4EB565D}.Release|Any CPU.ActiveCfg = Release|Any CPU
		{6CBF60B5-0264-4763-8B40-E7ADD4EB565D}.Release|Any CPU.Build.0 = Release|Any CPU
	EndGlobalSection
	GlobalSection(SolutionProperties) = preSolution
		HideSolutionNode = FALSE
	EndGlobalSection
	GlobalSection(ExtensibilityGlobals) = postSolution
		SolutionGuid = {09252A38-74D1-4930-9E31-41E97051339B}
	EndGlobalSection
EndGlobal
